
Microsoft Visual Studio Solution File, Format Version 12.00
# Visual Studio Version 16
VisualStudioVersion = 16.0.31205.134
MinimumVisualStudioVersion = 10.0.40219.1
Project("{FAE04EC0-301F-11D3-BF4B-00C04F79EFBC}") = "Location", "Location\Location.csproj", "{7E053837-887E-4ACD-ABCE-0351F6D8938C}"
EndProject
Project("{FAE04EC0-301F-11D3-BF4B-00C04F79EFBC}") = "SpecFlowLocation", "SpecFlowLocation\SpecFlowLocation.csproj", "{0FE448B0-2CE1-4949-9791-9A932E30952D}"
EndProject
Global
	GlobalSection(SolutionConfigurationPlatforms) = preSolution
		Debug|Any CPU = Debug|Any CPU
		Release|Any CPU = Release|Any CPU
	EndGlobalSection
	GlobalSection(ProjectConfigurationPlatforms) = postSolution
		{7E053837-887E-4ACD-ABCE-0351F6D8938C}.Debug|Any CPU.ActiveCfg = Debug|Any CPU
		{7E053837-887E-4ACD-ABCE-0351F6D8938C}.Debug|Any CPU.Build.0 = Debug|Any CPU
		{7E053837-887E-4ACD-ABCE-0351F6D8938C}.Release|Any CPU.ActiveCfg = Release|Any CPU
		{7E053837-887E-4ACD-ABCE-0351F6D8938C}.Release|Any CPU.Build.0 = Release|Any CPU
		{0FE448B0-2CE1-4949-9791-9A932E30952D}.Debug|Any CPU.ActiveCfg = Debug|Any CPU
		{0FE448B0-2CE1-4949-9791-9A932E30952D}.Debug|Any CPU.Build.0 = Debug|Any CPU
		{0FE448B0-2CE1-4949-9791-9A932E30952D}.Release|Any CPU.ActiveCfg = Release|Any CPU
		{0FE448B0-2CE1-4949-9791-9A932E30952D}.Release|Any CPU.Build.0 = Release|Any CPU
	EndGlobalSection
	GlobalSection(SolutionProperties) = preSolution
		HideSolutionNode = FALSE
	EndGlobalSection
	GlobalSection(ExtensibilityGlobals) = postSolution
		SolutionGuid = {3E04CAFB-4AA1-4CCD-997B-424DC54CE64C}
	EndGlobalSection
EndGlobal
